// !$*UTF8*$!
{
	archiveVersion = 1;
	classes = {
	};
	objectVersion = 50;
	objects = {

/* Begin PBXBuildFile section */
		5E0ECCFA20E564C0004BEEDA /* AppDelegate.swift in Sources */ = {isa = PBXBuildFile; fileRef = 5E0ECCF920E564C0004BEEDA /* AppDelegate.swift */; };
		5E0ECCFC20E564C0004BEEDA /* DaysSelectorViewController.swift in Sources */ = {isa = PBXBuildFile; fileRef = 5E0ECCFB20E564C0004BEEDA /* DaysSelectorViewController.swift */; };
		5E0ECCFF20E564C0004BEEDA /* Main.storyboard in Resources */ = {isa = PBXBuildFile; fileRef = 5E0ECCFD20E564C0004BEEDA /* Main.storyboard */; };
		5E0ECD0120E564C2004BEEDA /* Assets.xcassets in Resources */ = {isa = PBXBuildFile; fileRef = 5E0ECD0020E564C2004BEEDA /* Assets.xcassets */; };
		5E0ECD0420E564C2004BEEDA /* LaunchScreen.storyboard in Resources */ = {isa = PBXBuildFile; fileRef = 5E0ECD0220E564C2004BEEDA /* LaunchScreen.storyboard */; };
		5E0ECD0F20E564C3004BEEDA /* DaysTests.swift in Sources */ = {isa = PBXBuildFile; fileRef = 5E0ECD0E20E564C3004BEEDA /* DaysTests.swift */; };
		5E55F98520EA9A5200A47C33 /* SettingsViewController.swift in Sources */ = {isa = PBXBuildFile; fileRef = 5E55F98420EA9A5200A47C33 /* SettingsViewController.swift */; };
		5E55F98720EAB26D00A47C33 /* CountdownViewController.swift in Sources */ = {isa = PBXBuildFile; fileRef = 5E55F98620EAB26D00A47C33 /* CountdownViewController.swift */; };
		5E55F98920EAB9F700A47C33 /* Utils.swift in Sources */ = {isa = PBXBuildFile; fileRef = 5E55F98820EAB9F700A47C33 /* Utils.swift */; };
		5E66C44221177B3600719A9A /* BubbleViewController.swift in Sources */ = {isa = PBXBuildFile; fileRef = 5E66C44121177B3600719A9A /* BubbleViewController.swift */; };
		5E9706A72119064B00ADF617 /* CalendarDayView.swift in Sources */ = {isa = PBXBuildFile; fileRef = 5E9706A62119064B00ADF617 /* CalendarDayView.swift */; };
		5E9B62192118F40000658A75 /* CalendarViewController.swift in Sources */ = {isa = PBXBuildFile; fileRef = 5E9B62182118F40000658A75 /* CalendarViewController.swift */; };
		5E9B621B2118F9AC00658A75 /* MonthViewController.swift in Sources */ = {isa = PBXBuildFile; fileRef = 5E9B621A2118F9AC00658A75 /* MonthViewController.swift */; };
		5EB81A3E20F3DFE1000173D4 /* DaysSelectorViewController+Extensions.swift in Sources */ = {isa = PBXBuildFile; fileRef = 5EB81A3D20F3DFE1000173D4 /* DaysSelectorViewController+Extensions.swift */; };
		5EBA5F0E20F6BC8F0078827A /* ProgressViewController.swift in Sources */ = {isa = PBXBuildFile; fileRef = 5EBA5F0D20F6BC8F0078827A /* ProgressViewController.swift */; };
		5EBA5F1020F6CCDE0078827A /* ProgressCell.swift in Sources */ = {isa = PBXBuildFile; fileRef = 5EBA5F0F20F6CCDE0078827A /* ProgressCell.swift */; };
		5EBA5F1220F6F90E0078827A /* ProgressCellBar.swift in Sources */ = {isa = PBXBuildFile; fileRef = 5EBA5F1120F6F90E0078827A /* ProgressCellBar.swift */; };
		5ED7F25220FD409B002A74AB /* NotificationsHandler.swift in Sources */ = {isa = PBXBuildFile; fileRef = 5ED7F25120FD409B002A74AB /* NotificationsHandler.swift */; };
		5EE195E620E843C10076D761 /* TimerModel.swift in Sources */ = {isa = PBXBuildFile; fileRef = 5EE195E520E843C10076D761 /* TimerModel.swift */; };
		5EFA91DE211D0C3D00F01DF1 /* CalendarMonthModel.swift in Sources */ = {isa = PBXBuildFile; fileRef = 5EFA91DD211D0C3D00F01DF1 /* CalendarMonthModel.swift */; };
		5EFA91E0211D0CD400F01DF1 /* CalendarModel.swift in Sources */ = {isa = PBXBuildFile; fileRef = 5EFA91DF211D0CD400F01DF1 /* CalendarModel.swift */; };
/* End PBXBuildFile section */

/* Begin PBXContainerItemProxy section */
		5E0ECD0B20E564C3004BEEDA /* PBXContainerItemProxy */ = {
			isa = PBXContainerItemProxy;
			containerPortal = 5E0ECCEE20E564C0004BEEDA /* Project object */;
			proxyType = 1;
			remoteGlobalIDString = 5E0ECCF520E564C0004BEEDA;
			remoteInfo = Days;
		};
/* End PBXContainerItemProxy section */

/* Begin PBXFileReference section */
		5E0ECCF620E564C0004BEEDA /* Days.app */ = {isa = PBXFileReference; explicitFileType = wrapper.application; includeInIndex = 0; path = Days.app; sourceTree = BUILT_PRODUCTS_DIR; };
		5E0ECCF920E564C0004BEEDA /* AppDelegate.swift */ = {isa = PBXFileReference; lastKnownFileType = sourcecode.swift; path = AppDelegate.swift; sourceTree = "<group>"; };
		5E0ECCFB20E564C0004BEEDA /* DaysSelectorViewController.swift */ = {isa = PBXFileReference; lastKnownFileType = sourcecode.swift; path = DaysSelectorViewController.swift; sourceTree = "<group>"; };
		5E0ECCFE20E564C0004BEEDA /* Base */ = {isa = PBXFileReference; lastKnownFileType = file.storyboard; name = Base; path = Base.lproj/Main.storyboard; sourceTree = "<group>"; };
		5E0ECD0020E564C2004BEEDA /* Assets.xcassets */ = {isa = PBXFileReference; lastKnownFileType = folder.assetcatalog; path = Assets.xcassets; sourceTree = "<group>"; };
		5E0ECD0320E564C2004BEEDA /* Base */ = {isa = PBXFileReference; lastKnownFileType = file.storyboard; name = Base; path = Base.lproj/LaunchScreen.storyboard; sourceTree = "<group>"; };
		5E0ECD0520E564C2004BEEDA /* Info.plist */ = {isa = PBXFileReference; lastKnownFileType = text.plist.xml; path = Info.plist; sourceTree = "<group>"; };
		5E0ECD0A20E564C3004BEEDA /* DaysTests.xctest */ = {isa = PBXFileReference; explicitFileType = wrapper.cfbundle; includeInIndex = 0; path = DaysTests.xctest; sourceTree = BUILT_PRODUCTS_DIR; };
		5E0ECD0E20E564C3004BEEDA /* DaysTests.swift */ = {isa = PBXFileReference; lastKnownFileType = sourcecode.swift; path = DaysTests.swift; sourceTree = "<group>"; };
		5E0ECD1020E564C3004BEEDA /* Info.plist */ = {isa = PBXFileReference; lastKnownFileType = text.plist.xml; path = Info.plist; sourceTree = "<group>"; };
		5E55F98420EA9A5200A47C33 /* SettingsViewController.swift */ = {isa = PBXFileReference; lastKnownFileType = sourcecode.swift; path = SettingsViewController.swift; sourceTree = "<group>"; };
		5E55F98620EAB26D00A47C33 /* CountdownViewController.swift */ = {isa = PBXFileReference; lastKnownFileType = sourcecode.swift; path = CountdownViewController.swift; sourceTree = "<group>"; };
		5E55F98820EAB9F700A47C33 /* Utils.swift */ = {isa = PBXFileReference; lastKnownFileType = sourcecode.swift; path = Utils.swift; sourceTree = "<group>"; };
		5E66C44121177B3600719A9A /* BubbleViewController.swift */ = {isa = PBXFileReference; lastKnownFileType = sourcecode.swift; path = BubbleViewController.swift; sourceTree = "<group>"; };
		5E9706A62119064B00ADF617 /* CalendarDayView.swift */ = {isa = PBXFileReference; lastKnownFileType = sourcecode.swift; path = CalendarDayView.swift; sourceTree = "<group>"; };
		5E9B62182118F40000658A75 /* CalendarViewController.swift */ = {isa = PBXFileReference; lastKnownFileType = sourcecode.swift; path = CalendarViewController.swift; sourceTree = "<group>"; };
		5E9B621A2118F9AC00658A75 /* MonthViewController.swift */ = {isa = PBXFileReference; lastKnownFileType = sourcecode.swift; path = MonthViewController.swift; sourceTree = "<group>"; };
		5EB81A3D20F3DFE1000173D4 /* DaysSelectorViewController+Extensions.swift */ = {isa = PBXFileReference; lastKnownFileType = sourcecode.swift; path = "DaysSelectorViewController+Extensions.swift"; sourceTree = "<group>"; };
		5EBA5F0D20F6BC8F0078827A /* ProgressViewController.swift */ = {isa = PBXFileReference; lastKnownFileType = sourcecode.swift; path = ProgressViewController.swift; sourceTree = "<group>"; };
		5EBA5F0F20F6CCDE0078827A /* ProgressCell.swift */ = {isa = PBXFileReference; lastKnownFileType = sourcecode.swift; path = ProgressCell.swift; sourceTree = "<group>"; };
		5EBA5F1120F6F90E0078827A /* ProgressCellBar.swift */ = {isa = PBXFileReference; lastKnownFileType = sourcecode.swift; path = ProgressCellBar.swift; sourceTree = "<group>"; };
		5ED7F25120FD409B002A74AB /* NotificationsHandler.swift */ = {isa = PBXFileReference; lastKnownFileType = sourcecode.swift; path = NotificationsHandler.swift; sourceTree = "<group>"; };
		5EE195E520E843C10076D761 /* TimerModel.swift */ = {isa = PBXFileReference; lastKnownFileType = sourcecode.swift; path = TimerModel.swift; sourceTree = "<group>"; };
		5EFA91DD211D0C3D00F01DF1 /* CalendarMonthModel.swift */ = {isa = PBXFileReference; lastKnownFileType = sourcecode.swift; path = CalendarMonthModel.swift; sourceTree = "<group>"; };
		5EFA91DF211D0CD400F01DF1 /* CalendarModel.swift */ = {isa = PBXFileReference; lastKnownFileType = sourcecode.swift; path = CalendarModel.swift; sourceTree = "<group>"; };
/* End PBXFileReference section */

/* Begin PBXFrameworksBuildPhase section */
		5E0ECCF320E564C0004BEEDA /* Frameworks */ = {
			isa = PBXFrameworksBuildPhase;
			buildActionMask = 2147483647;
			files = (
			);
			runOnlyForDeploymentPostprocessing = 0;
		};
		5E0ECD0720E564C3004BEEDA /* Frameworks */ = {
			isa = PBXFrameworksBuildPhase;
			buildActionMask = 2147483647;
			files = (
			);
			runOnlyForDeploymentPostprocessing = 0;
		};
/* End PBXFrameworksBuildPhase section */

/* Begin PBXGroup section */
		5E0ECCED20E564C0004BEEDA = {
			isa = PBXGroup;
			children = (
				5E0ECCF820E564C0004BEEDA /* Days */,
				5E0ECD0D20E564C3004BEEDA /* DaysTests */,
				5E0ECCF720E564C0004BEEDA /* Products */,
			);
			sourceTree = "<group>";
		};
		5E0ECCF720E564C0004BEEDA /* Products */ = {
			isa = PBXGroup;
			children = (
				5E0ECCF620E564C0004BEEDA /* Days.app */,
				5E0ECD0A20E564C3004BEEDA /* DaysTests.xctest */,
			);
			name = Products;
			sourceTree = "<group>";
		};
		5E0ECCF820E564C0004BEEDA /* Days */ = {
			isa = PBXGroup;
			children = (
				5E0ECD0020E564C2004BEEDA /* Assets.xcassets */,
				5E0ECD0220E564C2004BEEDA /* LaunchScreen.storyboard */,
				5E0ECCFD20E564C0004BEEDA /* Main.storyboard */,
				5E0ECCF920E564C0004BEEDA /* AppDelegate.swift */,
				5ED7F25120FD409B002A74AB /* NotificationsHandler.swift */,
				5E0ECCFB20E564C0004BEEDA /* DaysSelectorViewController.swift */,
				5EB81A3D20F3DFE1000173D4 /* DaysSelectorViewController+Extensions.swift */,
				5E9B62182118F40000658A75 /* CalendarViewController.swift */,
				5EFA91DF211D0CD400F01DF1 /* CalendarModel.swift */,
				5E9B621A2118F9AC00658A75 /* MonthViewController.swift */,
				5EFA91DD211D0C3D00F01DF1 /* CalendarMonthModel.swift */,
				5E9706A62119064B00ADF617 /* CalendarDayView.swift */,
				5E55F98620EAB26D00A47C33 /* CountdownViewController.swift */,
				5EBA5F0D20F6BC8F0078827A /* ProgressViewController.swift */,
				5E66C44121177B3600719A9A /* BubbleViewController.swift */,
				5EBA5F0F20F6CCDE0078827A /* ProgressCell.swift */,
				5EBA5F1120F6F90E0078827A /* ProgressCellBar.swift */,
				5E55F98420EA9A5200A47C33 /* SettingsViewController.swift */,
				5EE195E520E843C10076D761 /* TimerModel.swift */,
				5E55F98820EAB9F700A47C33 /* Utils.swift */,
				5E0ECD0520E564C2004BEEDA /* Info.plist */,
			);
			path = Days;
			sourceTree = "<group>";
		};
		5E0ECD0D20E564C3004BEEDA /* DaysTests */ = {
			isa = PBXGroup;
			children = (
				5E0ECD0E20E564C3004BEEDA /* DaysTests.swift */,
				5E0ECD1020E564C3004BEEDA /* Info.plist */,
			);
			path = DaysTests;
			sourceTree = "<group>";
		};
/* End PBXGroup section */

/* Begin PBXNativeTarget section */
		5E0ECCF520E564C0004BEEDA /* Days */ = {
			isa = PBXNativeTarget;
			buildConfigurationList = 5E0ECD1320E564C3004BEEDA /* Build configuration list for PBXNativeTarget "Days" */;
			buildPhases = (
				5E0ECCF220E564C0004BEEDA /* Sources */,
				5E0ECCF320E564C0004BEEDA /* Frameworks */,
				5E0ECCF420E564C0004BEEDA /* Resources */,
			);
			buildRules = (
			);
			dependencies = (
			);
			name = Days;
			productName = Days;
			productReference = 5E0ECCF620E564C0004BEEDA /* Days.app */;
			productType = "com.apple.product-type.application";
		};
		5E0ECD0920E564C3004BEEDA /* DaysTests */ = {
			isa = PBXNativeTarget;
			buildConfigurationList = 5E0ECD1620E564C3004BEEDA /* Build configuration list for PBXNativeTarget "DaysTests" */;
			buildPhases = (
				5E0ECD0620E564C3004BEEDA /* Sources */,
				5E0ECD0720E564C3004BEEDA /* Frameworks */,
				5E0ECD0820E564C3004BEEDA /* Resources */,
			);
			buildRules = (
			);
			dependencies = (
				5E0ECD0C20E564C3004BEEDA /* PBXTargetDependency */,
			);
			name = DaysTests;
			productName = DaysTests;
			productReference = 5E0ECD0A20E564C3004BEEDA /* DaysTests.xctest */;
			productType = "com.apple.product-type.bundle.unit-test";
		};
/* End PBXNativeTarget section */

/* Begin PBXProject section */
		5E0ECCEE20E564C0004BEEDA /* Project object */ = {
			isa = PBXProject;
			attributes = {
				LastSwiftUpdateCheck = 1000;
				LastUpgradeCheck = 1000;
				ORGANIZATIONNAME = WY6CAT;
				TargetAttributes = {
					5E0ECCF520E564C0004BEEDA = {
						CreatedOnToolsVersion = 10.0;
					};
					5E0ECD0920E564C3004BEEDA = {
						CreatedOnToolsVersion = 10.0;
						TestTargetID = 5E0ECCF520E564C0004BEEDA;
					};
				};
			};
			buildConfigurationList = 5E0ECCF120E564C0004BEEDA /* Build configuration list for PBXProject "Days" */;
			compatibilityVersion = "Xcode 9.3";
			developmentRegion = en;
			hasScannedForEncodings = 0;
			knownRegions = (
				en,
				Base,
			);
			mainGroup = 5E0ECCED20E564C0004BEEDA;
			productRefGroup = 5E0ECCF720E564C0004BEEDA /* Products */;
			projectDirPath = "";
			projectRoot = "";
			targets = (
				5E0ECCF520E564C0004BEEDA /* Days */,
				5E0ECD0920E564C3004BEEDA /* DaysTests */,
			);
		};
/* End PBXProject section */

/* Begin PBXResourcesBuildPhase section */
		5E0ECCF420E564C0004BEEDA /* Resources */ = {
			isa = PBXResourcesBuildPhase;
			buildActionMask = 2147483647;
			files = (
				5E0ECD0420E564C2004BEEDA /* LaunchScreen.storyboard in Resources */,
				5E0ECD0120E564C2004BEEDA /* Assets.xcassets in Resources */,
				5E0ECCFF20E564C0004BEEDA /* Main.storyboard in Resources */,
			);
			runOnlyForDeploymentPostprocessing = 0;
		};
		5E0ECD0820E564C3004BEEDA /* Resources */ = {
			isa = PBXResourcesBuildPhase;
			buildActionMask = 2147483647;
			files = (
			);
			runOnlyForDeploymentPostprocessing = 0;
		};
/* End PBXResourcesBuildPhase section */

/* Begin PBXSourcesBuildPhase section */
		5E0ECCF220E564C0004BEEDA /* Sources */ = {
			isa = PBXSourcesBuildPhase;
			buildActionMask = 2147483647;
			files = (
				5EB81A3E20F3DFE1000173D4 /* DaysSelectorViewController+Extensions.swift in Sources */,
				5EE195E620E843C10076D761 /* TimerModel.swift in Sources */,
				5E55F98720EAB26D00A47C33 /* CountdownViewController.swift in Sources */,
				5EBA5F0E20F6BC8F0078827A /* ProgressViewController.swift in Sources */,
				5EFA91DE211D0C3D00F01DF1 /* CalendarMonthModel.swift in Sources */,
				5EFA91E0211D0CD400F01DF1 /* CalendarModel.swift in Sources */,
				5E66C44221177B3600719A9A /* BubbleViewController.swift in Sources */,
				5ED7F25220FD409B002A74AB /* NotificationsHandler.swift in Sources */,
				5EBA5F1220F6F90E0078827A /* ProgressCellBar.swift in Sources */,
				5E9B621B2118F9AC00658A75 /* MonthViewController.swift in Sources */,
				5E0ECCFC20E564C0004BEEDA /* DaysSelectorViewController.swift in Sources */,
				5E9706A72119064B00ADF617 /* CalendarDayView.swift in Sources */,
				5E9B62192118F40000658A75 /* CalendarViewController.swift in Sources */,
				5E0ECCFA20E564C0004BEEDA /* AppDelegate.swift in Sources */,
				5E55F98520EA9A5200A47C33 /* SettingsViewController.swift in Sources */,
				5EBA5F1020F6CCDE0078827A /* ProgressCell.swift in Sources */,
				5E55F98920EAB9F700A47C33 /* Utils.swift in Sources */,
			);
			runOnlyForDeploymentPostprocessing = 0;
		};
		5E0ECD0620E564C3004BEEDA /* Sources */ = {
			isa = PBXSourcesBuildPhase;
			buildActionMask = 2147483647;
			files = (
				5E0ECD0F20E564C3004BEEDA /* DaysTests.swift in Sources */,
			);
			runOnlyForDeploymentPostprocessing = 0;
		};
/* End PBXSourcesBuildPhase section */

/* Begin PBXTargetDependency section */
		5E0ECD0C20E564C3004BEEDA /* PBXTargetDependency */ = {
			isa = PBXTargetDependency;
			target = 5E0ECCF520E564C0004BEEDA /* Days */;
			targetProxy = 5E0ECD0B20E564C3004BEEDA /* PBXContainerItemProxy */;
		};
/* End PBXTargetDependency section */

/* Begin PBXVariantGroup section */
		5E0ECCFD20E564C0004BEEDA /* Main.storyboard */ = {
			isa = PBXVariantGroup;
			children = (
				5E0ECCFE20E564C0004BEEDA /* Base */,
			);
			name = Main.storyboard;
			sourceTree = "<group>";
		};
		5E0ECD0220E564C2004BEEDA /* LaunchScreen.storyboard */ = {
			isa = PBXVariantGroup;
			children = (
				5E0ECD0320E564C2004BEEDA /* Base */,
			);
			name = LaunchScreen.storyboard;
			sourceTree = "<group>";
		};
/* End PBXVariantGroup section */

/* Begin XCBuildConfiguration section */
		5E0ECD1120E564C3004BEEDA /* Debug */ = {
			isa = XCBuildConfiguration;
			buildSettings = {
				ALWAYS_SEARCH_USER_PATHS = NO;
				CLANG_ANALYZER_NONNULL = YES;
				CLANG_ANALYZER_NUMBER_OBJECT_CONVERSION = YES_AGGRESSIVE;
				CLANG_CXX_LANGUAGE_STANDARD = "gnu++14";
				CLANG_CXX_LIBRARY = "libc++";
				CLANG_ENABLE_MODULES = YES;
				CLANG_ENABLE_OBJC_ARC = YES;
				CLANG_ENABLE_OBJC_WEAK = YES;
				CLANG_WARN_BLOCK_CAPTURE_AUTORELEASING = YES;
				CLANG_WARN_BOOL_CONVERSION = YES;
				CLANG_WARN_COMMA = YES;
				CLANG_WARN_CONSTANT_CONVERSION = YES;
				CLANG_WARN_DEPRECATED_OBJC_IMPLEMENTATIONS = YES;
				CLANG_WARN_DIRECT_OBJC_ISA_USAGE = YES_ERROR;
				CLANG_WARN_DOCUMENTATION_COMMENTS = YES;
				CLANG_WARN_EMPTY_BODY = YES;
				CLANG_WARN_ENUM_CONVERSION = YES;
				CLANG_WARN_INFINITE_RECURSION = YES;
				CLANG_WARN_INT_CONVERSION = YES;
				CLANG_WARN_NON_LITERAL_NULL_CONVERSION = YES;
				CLANG_WARN_OBJC_IMPLICIT_RETAIN_SELF = YES;
				CLANG_WARN_OBJC_LITERAL_CONVERSION = YES;
				CLANG_WARN_OBJC_ROOT_CLASS = YES_ERROR;
				CLANG_WARN_RANGE_LOOP_ANALYSIS = YES;
				CLANG_WARN_STRICT_PROTOTYPES = YES;
				CLANG_WARN_SUSPICIOUS_MOVE = YES;
				CLANG_WARN_UNGUARDED_AVAILABILITY = YES_AGGRESSIVE;
				CLANG_WARN_UNREACHABLE_CODE = YES;
				CLANG_WARN__DUPLICATE_METHOD_MATCH = YES;
				CODE_SIGN_IDENTITY = "iPhone Developer";
				COPY_PHASE_STRIP = NO;
				DEBUG_INFORMATION_FORMAT = dwarf;
				ENABLE_STRICT_OBJC_MSGSEND = YES;
				ENABLE_TESTABILITY = YES;
				GCC_C_LANGUAGE_STANDARD = gnu11;
				GCC_DYNAMIC_NO_PIC = NO;
				GCC_NO_COMMON_BLOCKS = YES;
				GCC_OPTIMIZATION_LEVEL = 0;
				GCC_PREPROCESSOR_DEFINITIONS = (
					"DEBUG=1",
					"$(inherited)",
				);
				GCC_WARN_64_TO_32_BIT_CONVERSION = YES;
				GCC_WARN_ABOUT_RETURN_TYPE = YES_ERROR;
				GCC_WARN_UNDECLARED_SELECTOR = YES;
				GCC_WARN_UNINITIALIZED_AUTOS = YES_AGGRESSIVE;
				GCC_WARN_UNUSED_FUNCTION = YES;
				GCC_WARN_UNUSED_VARIABLE = YES;
				IPHONEOS_DEPLOYMENT_TARGET = 11.0;
				MTL_ENABLE_DEBUG_INFO = INCLUDE_SOURCE;
				ONLY_ACTIVE_ARCH = YES;
				SDKROOT = iphoneos;
				SWIFT_ACTIVE_COMPILATION_CONDITIONS = DEBUG;
				SWIFT_OPTIMIZATION_LEVEL = "-Onone";
			};
			name = Debug;
		};
		5E0ECD1220E564C3004BEEDA /* Release */ = {
			isa = XCBuildConfiguration;
			buildSettings = {
				ALWAYS_SEARCH_USER_PATHS = NO;
				CLANG_ANALYZER_NONNULL = YES;
				CLANG_ANALYZER_NUMBER_OBJECT_CONVERSION = YES_AGGRESSIVE;
				CLANG_CXX_LANGUAGE_STANDARD = "gnu++14";
				CLANG_CXX_LIBRARY = "libc++";
				CLANG_ENABLE_MODULES = YES;
				CLANG_ENABLE_OBJC_ARC = YES;
				CLANG_ENABLE_OBJC_WEAK = YES;
				CLANG_WARN_BLOCK_CAPTURE_AUTORELEASING = YES;
				CLANG_WARN_BOOL_CONVERSION = YES;
				CLANG_WARN_COMMA = YES;
				CLANG_WARN_CONSTANT_CONVERSION = YES;
				CLANG_WARN_DEPRECATED_OBJC_IMPLEMENTATIONS = YES;
				CLANG_WARN_DIRECT_OBJC_ISA_USAGE = YES_ERROR;
				CLANG_WARN_DOCUMENTATION_COMMENTS = YES;
				CLANG_WARN_EMPTY_BODY = YES;
				CLANG_WARN_ENUM_CONVERSION = YES;
				CLANG_WARN_INFINITE_RECURSION = YES;
				CLANG_WARN_INT_CONVERSION = YES;
				CLANG_WARN_NON_LITERAL_NULL_CONVERSION = YES;
				CLANG_WARN_OBJC_IMPLICIT_RETAIN_SELF = YES;
				CLANG_WARN_OBJC_LITERAL_CONVERSION = YES;
				CLANG_WARN_OBJC_ROOT_CLASS = YES_ERROR;
				CLANG_WARN_RANGE_LOOP_ANALYSIS = YES;
				CLANG_WARN_STRICT_PROTOTYPES = YES;
				CLANG_WARN_SUSPICIOUS_MOVE = YES;
				CLANG_WARN_UNGUARDED_AVAILABILITY = YES_AGGRESSIVE;
				CLANG_WARN_UNREACHABLE_CODE = YES;
				CLANG_WARN__DUPLICATE_METHOD_MATCH = YES;
				CODE_SIGN_IDENTITY = "iPhone Developer";
				COPY_PHASE_STRIP = NO;
				DEBUG_INFORMATION_FORMAT = "dwarf-with-dsym";
				ENABLE_NS_ASSERTIONS = NO;
				ENABLE_STRICT_OBJC_MSGSEND = YES;
				GCC_C_LANGUAGE_STANDARD = gnu11;
				GCC_NO_COMMON_BLOCKS = YES;
				GCC_WARN_64_TO_32_BIT_CONVERSION = YES;
				GCC_WARN_ABOUT_RETURN_TYPE = YES_ERROR;
				GCC_WARN_UNDECLARED_SELECTOR = YES;
				GCC_WARN_UNINITIALIZED_AUTOS = YES_AGGRESSIVE;
				GCC_WARN_UNUSED_FUNCTION = YES;
				GCC_WARN_UNUSED_VARIABLE = YES;
				IPHONEOS_DEPLOYMENT_TARGET = 11.0;
				MTL_ENABLE_DEBUG_INFO = NO;
				SDKROOT = iphoneos;
				SWIFT_COMPILATION_MODE = wholemodule;
				SWIFT_OPTIMIZATION_LEVEL = "-O";
				VALIDATE_PRODUCT = YES;
			};
			name = Release;
		};
		5E0ECD1420E564C3004BEEDA /* Debug */ = {
			isa = XCBuildConfiguration;
			buildSettings = {
				ASSETCATALOG_COMPILER_APPICON_NAME = AppIcon;
				CODE_SIGN_STYLE = Automatic;
				DEVELOPMENT_TEAM = FH5948U86W;
				INFOPLIST_FILE = Days/Info.plist;
				IPHONEOS_DEPLOYMENT_TARGET = 11.0;
				LD_RUNPATH_SEARCH_PATHS = (
					"$(inherited)",
					"@executable_path/Frameworks",
				);
				PRODUCT_BUNDLE_IDENTIFIER = io.wy6cat.days;
				PRODUCT_NAME = "$(TARGET_NAME)";
				SWIFT_VERSION = 4.2;
				TARGETED_DEVICE_FAMILY = 1;
			};
			name = Debug;
		};
		5E0ECD1520E564C3004BEEDA /* Release */ = {
			isa = XCBuildConfiguration;
			buildSettings = {
				ASSETCATALOG_COMPILER_APPICON_NAME = AppIcon;
				CODE_SIGN_STYLE = Automatic;
				DEVELOPMENT_TEAM = FH5948U86W;
				INFOPLIST_FILE = Days/Info.plist;
				IPHONEOS_DEPLOYMENT_TARGET = 11.0;
				LD_RUNPATH_SEARCH_PATHS = (
					"$(inherited)",
					"@executable_path/Frameworks",
				);
				PRODUCT_BUNDLE_IDENTIFIER = io.wy6cat.days;
				PRODUCT_NAME = "$(TARGET_NAME)";
				SWIFT_VERSION = 4.2;
				TARGETED_DEVICE_FAMILY = 1;
			};
			name = Release;
		};
		5E0ECD1720E564C3004BEEDA /* Debug */ = {
			isa = XCBuildConfiguration;
			buildSettings = {
				ALWAYS_EMBED_SWIFT_STANDARD_LIBRARIES = YES;
				BUNDLE_LOADER = "$(TEST_HOST)";
				CODE_SIGN_STYLE = Automatic;
				DEVELOPMENT_TEAM = FH5948U86W;
				INFOPLIST_FILE = DaysTests/Info.plist;
				LD_RUNPATH_SEARCH_PATHS = (
					"$(inherited)",
					"@executable_path/Frameworks",
					"@loader_path/Frameworks",
				);
				PRODUCT_BUNDLE_IDENTIFIER = com.wy6cat.DaysTests;
				PRODUCT_NAME = "$(TARGET_NAME)";
				SWIFT_VERSION = 4.2;
				TARGETED_DEVICE_FAMILY = "1,2";
				TEST_HOST = "$(BUILT_PRODUCTS_DIR)/Days.app/Days";
			};
			name = Debug;
		};
		5E0ECD1820E564C3004BEEDA /* Release */ = {
			isa = XCBuildConfiguration;
			buildSettings = {
				ALWAYS_EMBED_SWIFT_STANDARD_LIBRARIES = YES;
				BUNDLE_LOADER = "$(TEST_HOST)";
				CODE_SIGN_STYLE = Automatic;
				DEVELOPMENT_TEAM = FH5948U86W;
				INFOPLIST_FILE = DaysTests/Info.plist;
				LD_RUNPATH_SEARCH_PATHS = (
					"$(inherited)",
					"@executable_path/Frameworks",
					"@loader_path/Frameworks",
				);
				PRODUCT_BUNDLE_IDENTIFIER = com.wy6cat.DaysTests;
				PRODUCT_NAME = "$(TARGET_NAME)";
				SWIFT_VERSION = 4.2;
				TARGETED_DEVICE_FAMILY = "1,2";
				TEST_HOST = "$(BUILT_PRODUCTS_DIR)/Days.app/Days";
			};
			name = Release;
		};
/* End XCBuildConfiguration section */

/* Begin XCConfigurationList section */
		5E0ECCF120E564C0004BEEDA /* Build configuration list for PBXProject "Days" */ = {
			isa = XCConfigurationList;
			buildConfigurations = (
				5E0ECD1120E564C3004BEEDA /* Debug */,
				5E0ECD1220E564C3004BEEDA /* Release */,
			);
			defaultConfigurationIsVisible = 0;
			defaultConfigurationName = Release;
		};
		5E0ECD1320E564C3004BEEDA /* Build configuration list for PBXNativeTarget "Days" */ = {
			isa = XCConfigurationList;
			buildConfigurations = (
				5E0ECD1420E564C3004BEEDA /* Debug */,
				5E0ECD1520E564C3004BEEDA /* Release */,
			);
			defaultConfigurationIsVisible = 0;
			defaultConfigurationName = Release;
		};
		5E0ECD1620E564C3004BEEDA /* Build configuration list for PBXNativeTarget "DaysTests" */ = {
			isa = XCConfigurationList;
			buildConfigurations = (
				5E0ECD1720E564C3004BEEDA /* Debug */,
				5E0ECD1820E564C3004BEEDA /* Release */,
			);
			defaultConfigurationIsVisible = 0;
			defaultConfigurationName = Release;
		};
/* End XCConfigurationList section */
	};
	rootObject = 5E0ECCEE20E564C0004BEEDA /* Project object */;
}
